
Microsoft Visual Studio Solution File, Format Version 12.00
# Visual Studio Version 16
VisualStudioVersion = 16.0.808.5
MinimumVisualStudioVersion = 10.0.40219.1
Project("{FAE04EC0-301F-11D3-BF4B-00C04F79EFBC}") = "xamarinautomation.Android", "xamarinautomation.Android\xamarinautomation.Android.csproj", "{A12259DD-4DB2-4141-96D3-CC6CDB3191F9}"
EndProject
Project("{FAE04EC0-301F-11D3-BF4B-00C04F79EFBC}") = "xamarinautomation.UITests", "xamarinautomation.UITests\xamarinautomation.UITests.csproj", "{437CEC71-FD27-40DB-ADA0-97E34838E06D}"
EndProject
Project("{FAE04EC0-301F-11D3-BF4B-00C04F79EFBC}") = "xamarinautomation", "xamarinautomation\xamarinautomation.csproj", "{C8B65B2C-9B99-4725-9F70-3E623984C8AA}"
EndProject
Global
	GlobalSection(SolutionConfigurationPlatforms) = preSolution
		Debug|Any CPU = Debug|Any CPU
		Release|Any CPU = Release|Any CPU
	EndGlobalSection
	GlobalSection(ProjectConfigurationPlatforms) = postSolution
		{A12259DD-4DB2-4141-96D3-CC6CDB3191F9}.Debug|Any CPU.ActiveCfg = Debug|Any CPU
		{A12259DD-4DB2-4141-96D3-CC6CDB3191F9}.Debug|Any CPU.Build.0 = Debug|Any CPU
		{A12259DD-4DB2-4141-96D3-CC6CDB3191F9}.Release|Any CPU.ActiveCfg = Release|Any CPU
		{A12259DD-4DB2-4141-96D3-CC6CDB3191F9}.Release|Any CPU.Build.0 = Release|Any CPU
		{437CEC71-FD27-40DB-ADA0-97E34838E06D}.Debug|Any CPU.ActiveCfg = Debug|Any CPU
		{437CEC71-FD27-40DB-ADA0-97E34838E06D}.Debug|Any CPU.Build.0 = Debug|Any CPU
		{437CEC71-FD27-40DB-ADA0-97E34838E06D}.Release|Any CPU.ActiveCfg = Release|Any CPU
		{437CEC71-FD27-40DB-ADA0-97E34838E06D}.Release|Any CPU.Build.0 = Release|Any CPU
		{C8B65B2C-9B99-4725-9F70-3E623984C8AA}.Debug|Any CPU.ActiveCfg = Debug|Any CPU
		{C8B65B2C-9B99-4725-9F70-3E623984C8AA}.Debug|Any CPU.Build.0 = Debug|Any CPU
		{C8B65B2C-9B99-4725-9F70-3E623984C8AA}.Release|Any CPU.ActiveCfg = Release|Any CPU
		{C8B65B2C-9B99-4725-9F70-3E623984C8AA}.Release|Any CPU.Build.0 = Release|Any CPU
	EndGlobalSection
	GlobalSection(SolutionProperties) = preSolution
		HideSolutionNode = FALSE
	EndGlobalSection
	GlobalSection(ExtensibilityGlobals) = postSolution
		SolutionGuid = {D7DDF73A-7514-4EE3-BB0A-335D5AFB4132}
	EndGlobalSection
EndGlobal
